{
  "requires": true,
  "lockfileVersion": 1,
  "dependencies": {
    "prettier": {
      "version": "3.6.2",
      "resolved": "https://registry.npmjs.org/prettier/-/prettier-3.6.2.tgz",
      "integrity": "sha512-I7AIg5boAr5R0FFtJ6rCfD+LFsWHp81dolrFD8S79U9tb8Az2nGrJncnMSnys+bpQJfRUzqs9hnA81OAA3hCuQ==",
      "dev": true
    },
    "prettier-html-templates": {
      "version": "0.1.0",
      "resolved": "https://registry.npmjs.org/prettier-html-templates/-/prettier-html-templates-0.1.0.tgz",
      "integrity": "sha512-KdLveYzO2kJLiwUAebd5UFeKP8h3OqFhOiLbkgeIuS1WNoCRTyxW4KuyGfbh3F+Rp/2A6mipRxCq2zPi+//pmg==",
      "dev": true
    },
    "prettier-plugin-erb": {
      "version": "0.4.0",
      "resolved": "https://registry.npmjs.org/prettier-plugin-erb/-/prettier-plugin-erb-0.4.0.tgz",
      "integrity": "sha512-5RAdvT5BBf29hfC8GmqiMRFiD5g4BZGZDERZHvM5ouOor2TVT0jM0ntmCzFpS2Q32OkUAGFYsRxXDoYscvToXA==",
      "dev": true,
      "requires": {
        "prettier-html-templates": "^0.1.0"
      }
    }
  }
}
